
Microsoft Visual Studio Solution File, Format Version 12.00
# Visual Studio Version 16
VisualStudioVersion = 16.0.29709.97
MinimumVisualStudioVersion = 10.0.40219.1
Project("{FAE04EC0-301F-11D3-BF4B-00C04F79EFBC}") = "Aritmiek_Containerschip3", "Aritmiek_Containerschip3\Aritmiek_Containerschip3.csproj", "{92DC5D4B-9FC1-4BC1-8C16-E4C59835C9B9}"
EndProject
Project("{2150E333-8FDC-42A3-9474-1A3956D46DE8}") = "Logic", "Logic", "{215AE9AB-D627-4EA4-8EF7-2902749CDE82}"
EndProject
Global
	GlobalSection(SolutionConfigurationPlatforms) = preSolution
		Debug|Any CPU = Debug|Any CPU
		Release|Any CPU = Release|Any CPU
	EndGlobalSection
	GlobalSection(ProjectConfigurationPlatforms) = postSolution
		{92DC5D4B-9FC1-4BC1-8C16-E4C59835C9B9}.Debug|Any CPU.ActiveCfg = Debug|Any CPU
		{92DC5D4B-9FC1-4BC1-8C16-E4C59835C9B9}.Debug|Any CPU.Build.0 = Debug|Any CPU
		{92DC5D4B-9FC1-4BC1-8C16-E4C59835C9B9}.Release|Any CPU.ActiveCfg = Release|Any CPU
		{92DC5D4B-9FC1-4BC1-8C16-E4C59835C9B9}.Release|Any CPU.Build.0 = Release|Any CPU
	EndGlobalSection
	GlobalSection(SolutionProperties) = preSolution
		HideSolutionNode = FALSE
	EndGlobalSection
	GlobalSection(ExtensibilityGlobals) = postSolution
		SolutionGuid = {312E6DE2-B072-4ABE-A237-EA842C691397}
	EndGlobalSection
EndGlobal
