
Microsoft Visual Studio Solution File, Format Version 12.00
# Visual Studio Version 16
VisualStudioVersion = 16.0.29709.97
MinimumVisualStudioVersion = 10.0.40219.1
Project("{FAE04EC0-301F-11D3-BF4B-00C04F79EFBC}") = "Aritmiek_ContainerShip", "Aritmiek_ContainerShip\Aritmiek_ContainerShip.csproj", "{D6781E28-FC0D-46D4-A78B-4DC5B4FA5611}"
EndProject
Global
	GlobalSection(SolutionConfigurationPlatforms) = preSolution
		Debug|Any CPU = Debug|Any CPU
		Release|Any CPU = Release|Any CPU
	EndGlobalSection
	GlobalSection(ProjectConfigurationPlatforms) = postSolution
		{D6781E28-FC0D-46D4-A78B-4DC5B4FA5611}.Debug|Any CPU.ActiveCfg = Debug|Any CPU
		{D6781E28-FC0D-46D4-A78B-4DC5B4FA5611}.Debug|Any CPU.Build.0 = Debug|Any CPU
		{D6781E28-FC0D-46D4-A78B-4DC5B4FA5611}.Release|Any CPU.ActiveCfg = Release|Any CPU
		{D6781E28-FC0D-46D4-A78B-4DC5B4FA5611}.Release|Any CPU.Build.0 = Release|Any CPU
	EndGlobalSection
	GlobalSection(SolutionProperties) = preSolution
		HideSolutionNode = FALSE
	EndGlobalSection
	GlobalSection(ExtensibilityGlobals) = postSolution
		SolutionGuid = {D066310A-A41B-468B-BF31-9757C1C5A823}
	EndGlobalSection
EndGlobal
